hash: cb55f255271da9e63d34b525c13019aa67540bb389a7c0a85a3cad8e86788fcd
updated: 2018-09-25T07:38:31.348862796Z
imports:
- name: github.com/AndreasBriese/bbloom
  version: 28f7e881ca57bc00e028f9ede9f0d9104cfeef5e
- name: github.com/aristanetworks/goarista
  version: ff33da284e760fcdb03c33d37a719e5ed30ba844
  subpackages:
  - monotime
- name: github.com/btcsuite/btcd
  version: cff30e1d23fc9e800b2b5b4b41ef1817dda07e9f
  subpackages:
  - btcec
- name: github.com/dgraph-io/badger
  version: 69611218c7078be6de16f4ea13fb256e701b6b73
  subpackages:
  - options
  - protos
  - skl
  - table
  - "y"
- name: github.com/dgryski/go-farm
  version: 78658e5234cd0441f634c663fae5badf239dc817
- name: github.com/edsrzf/mmap-go
  version: 0bce6a6887123b67a60366d2c9fe2dfb74289d2e
- name: github.com/ethereum/go-ethereum
  version: 6c6c7b2af3efdad4d2f64f70f3a724af434bbcd2
  subpackages:
  - accounts
  - accounts/abi
  - accounts/keystore
  - common
  - common/bitutil
  - common/hexutil
  - common/math
  - common/mclock
  - consensus
  - consensus/ethash
  - consensus/misc
  - core
  - core/state
  - core/types
  - core/vm
  - crypto
  - crypto/bn256
  - crypto/randentropy
  - crypto/secp256k1
  - crypto/sha3
  - ethdb
  - event
  - log
  - metrics
  - params
  - rlp
  - rpc
  - trie
- name: github.com/go-stack/stack
  version: 2fee6af1a9795aafbe0253a0cfbdf668e1fb8a9a
- name: github.com/golang/protobuf
  version: 1e59b77b52bf8e4b449a57e6f79f21226d571845
  subpackages:
  - proto
- name: github.com/golang/snappy
  version: 2e65f85255dbc3072edf28d6b5b8efc472979f5a
- name: github.com/google/uuid
  version: 9b3b1e0f5f99ae461456d768e7d301a7acdaa2d8
- name: github.com/gorilla/mux
  version: 9e1f5955c0d22b55d9e20d6faa28589f83b2faca
- name: github.com/hashicorp/golang-lru
  version: 20f1fb78b0740ba8c3cb143a61e86ba5c8669768
  subpackages:
  - simplelru
- name: github.com/mosaicnetworks/babble
  version: 1ed81963270c25f7cc7eaa8bfdef464338bbd00b
  subpackages:
  - common
  - crypto
  - hashgraph
  - proxy/babble
  - version
- name: github.com/pborman/uuid
  version: 8b1b92947f46224e3b97bb1a3a5b0382be00d31e
- name: github.com/pkg/errors
  version: f15c970de5b76fac0b59abb32d62c17cc7bed265
- name: github.com/rcrowley/go-metrics
  version: e2704e165165ec55d062f5919b4b29494e9fa790
  subpackages:
  - exp
- name: github.com/rjeczalik/notify
  version: 0f065fa99b48b842c3fd3e2c8b194c6f2b69f6b8
- name: github.com/rs/cors
  version: dc7332ab32be5dfec05dae2a6ab79cbfa53b6407
- name: github.com/sirupsen/logrus
  version: 89742aefa4b206dcf400792f3bd35b542998eb3b
- name: github.com/syndtr/goleveldb
  version: ae2bd5eed72d46b28834ec3f60db3a3ebedd8dbd
  subpackages:
  - leveldb
  - leveldb/cache
  - leveldb/comparer
  - leveldb/errors
  - leveldb/filter
  - leveldb/iterator
  - leveldb/journal
  - leveldb/memdb
  - leveldb/opt
  - leveldb/storage
  - leveldb/table
  - leveldb/util
- name: github.com/ugorji/go
  version: b4c50a2b199d93b13dc15e78929cfb23bfdf21ab
  subpackages:
  - codec
- name: golang.org/x/crypto
  version: 9f005a07e0d31d45e6656d241bb5c0f2efd4bc94
  subpackages:
  - pbkdf2
  - ripemd160
  - scrypt
  - ssh/terminal
- name: golang.org/x/net
  version: 9dfe39835686865bff950a07b394c12a98ddc811
  subpackages:
  - context
  - internal/timeseries
  - trace
  - websocket
- name: golang.org/x/sys
  version: 0dd5e194bbf5eb84a39666eb4c98a4d007e4203a
  subpackages:
  - unix
  - windows
- name: gopkg.in/fatih/set.v0
  version: 2c768e3c5489976167bfc42b5c7c92ca783f4389
- name: gopkg.in/karalabe/cookiejar.v2
  version: 8dcd6a7f4951f6ff3ee9cbb919a06d8925822e57
  subpackages:
  - collections/prque
- name: gopkg.in/natefinch/npipe.v2
  version: c1b8fa8bdccecb0b8db834ee0b92fdbcfa606dd6
- name: gopkg.in/urfave/cli.v1
  version: cfb38830724cc34fedffe9a2a29fb54fa9169cd1
testImports: []
